
Microsoft Visual Studio Solution File, Format Version 12.00
# Visual Studio 14
VisualStudioVersion = 14.0.24720.0
MinimumVisualStudioVersion = 10.0.40219.1
Project("{FAE04EC0-301F-11D3-BF4B-00C04F79EFBC}") = "OneVK", "VKlient\OneVK.csproj", "{E4CC4A1E-0B26-4532-8FEF-3E044C215D95}"
EndProject
Project("{FAE04EC0-301F-11D3-BF4B-00C04F79EFBC}") = "OneVK.Core", "VKlient.Core\OneVK.Core.csproj", "{07522FAC-C338-46DB-93AA-AB6B5318EC43}"
EndProject
Project("{FAE04EC0-301F-11D3-BF4B-00C04F79EFBC}") = "OneVK.BackgroundPlayer", "OneVK.BackgroundPlayer\OneVK.BackgroundPlayer.csproj", "{9EF9E80B-2EA7-45C5-9964-EF239912243E}"
EndProject
Project("{FAE04EC0-301F-11D3-BF4B-00C04F79EFBC}") = "NotificationsExtensions", "NotificationsExtensions\NotificationsExtensions.csproj", "{6E87464B-B064-40CA-8161-7C18C337ADFF}"
EndProject
Project("{2150E333-8FDC-42A3-9474-1A3956D46DE8}") = "Core", "Core", "{758F0123-4D80-438F-90A2-E0D381B88065}"
EndProject
Project("{FAE04EC0-301F-11D3-BF4B-00C04F79EFBC}") = "OneVK.Core.Models", "OneVK.Core.Models\OneVK.Core.Models.csproj", "{35B9514C-6CF0-48C5-BD7B-7B47E564B5DD}"
EndProject
Project("{FAE04EC0-301F-11D3-BF4B-00C04F79EFBC}") = "OneVK.Core.Services", "OneVK.Core.Services\OneVK.Core.Services.csproj", "{A3322349-48B9-44C0-BBB3-BC58F5C288F3}"
EndProject
Project("{FAE04EC0-301F-11D3-BF4B-00C04F79EFBC}") = "OneVK.Core.VK", "OneVK.Core.VK\OneVK.Core.VK.csproj", "{A1B92C2C-8B7D-4E8B-8901-3FB7AD356E46}"
EndProject
Project("{FAE04EC0-301F-11D3-BF4B-00C04F79EFBC}") = "OneVK.Core.LF", "OneVK.Core.LF\OneVK.Core.LF.csproj", "{5B491AB5-5CCD-41F6-80EF-7FA3D72C2D98}"
EndProject
Project("{FAE04EC0-301F-11D3-BF4B-00C04F79EFBC}") = "OneVK.Core.ViewModels", "OneVK.Core.ViewModels\OneVK.Core.ViewModels.csproj", "{F13DEC41-819C-4C8D-9F2D-FEBF6618CD9B}"
EndProject
Global
	GlobalSection(SolutionConfigurationPlatforms) = preSolution
		Debug|Any CPU = Debug|Any CPU
		Debug|ARM = Debug|ARM
		Debug|Mixed Platforms = Debug|Mixed Platforms
		Debug|x64 = Debug|x64
		Debug|x86 = Debug|x86
		Release|Any CPU = Release|Any CPU
		Release|ARM = Release|ARM
		Release|Mixed Platforms = Release|Mixed Platforms
		Release|x64 = Release|x64
		Release|x86 = Release|x86
		WP81|Any CPU = WP81|Any CPU
		WP81|ARM = WP81|ARM
		WP81|Mixed Platforms = WP81|Mixed Platforms
		WP81|x64 = WP81|x64
		WP81|x86 = WP81|x86
	EndGlobalSection
	GlobalSection(ProjectConfigurationPlatforms) = postSolution
		{E4CC4A1E-0B26-4532-8FEF-3E044C215D95}.Debug|Any CPU.ActiveCfg = Debug|Any CPU
		{E4CC4A1E-0B26-4532-8FEF-3E044C215D95}.Debug|Any CPU.Build.0 = Debug|Any CPU
		{E4CC4A1E-0B26-4532-8FEF-3E044C215D95}.Debug|Any CPU.Deploy.0 = Debug|Any CPU
		{E4CC4A1E-0B26-4532-8FEF-3E044C215D95}.Debug|ARM.ActiveCfg = Debug|ARM
		{E4CC4A1E-0B26-4532-8FEF-3E044C215D95}.Debug|ARM.Build.0 = Debug|ARM
		{E4CC4A1E-0B26-4532-8FEF-3E044C215D95}.Debug|ARM.Deploy.0 = Debug|ARM
		{E4CC4A1E-0B26-4532-8FEF-3E044C215D95}.Debug|Mixed Platforms.ActiveCfg = Debug|Any CPU
		{E4CC4A1E-0B26-4532-8FEF-3E044C215D95}.Debug|Mixed Platforms.Build.0 = Debug|Any CPU
		{E4CC4A1E-0B26-4532-8FEF-3E044C215D95}.Debug|Mixed Platforms.Deploy.0 = Debug|Any CPU
		{E4CC4A1E-0B26-4532-8FEF-3E044C215D95}.Debug|x64.ActiveCfg = Debug|Any CPU
		{E4CC4A1E-0B26-4532-8FEF-3E044C215D95}.Debug|x86.ActiveCfg = Debug|x86
		{E4CC4A1E-0B26-4532-8FEF-3E044C215D95}.Debug|x86.Build.0 = Debug|x86
		{E4CC4A1E-0B26-4532-8FEF-3E044C215D95}.Debug|x86.Deploy.0 = Debug|x86
		{E4CC4A1E-0B26-4532-8FEF-3E044C215D95}.Release|Any CPU.ActiveCfg = Release|Any CPU
		{E4CC4A1E-0B26-4532-8FEF-3E044C215D95}.Release|Any CPU.Build.0 = Release|Any CPU
		{E4CC4A1E-0B26-4532-8FEF-3E044C215D95}.Release|Any CPU.Deploy.0 = Release|Any CPU
		{E4CC4A1E-0B26-4532-8FEF-3E044C215D95}.Release|ARM.ActiveCfg = Release|ARM
		{E4CC4A1E-0B26-4532-8FEF-3E044C215D95}.Release|ARM.Build.0 = Release|ARM
		{E4CC4A1E-0B26-4532-8FEF-3E044C215D95}.Release|ARM.Deploy.0 = Release|ARM
		{E4CC4A1E-0B26-4532-8FEF-3E044C215D95}.Release|Mixed Platforms.ActiveCfg = Release|x86
		{E4CC4A1E-0B26-4532-8FEF-3E044C215D95}.Release|Mixed Platforms.Build.0 = Release|x86
		{E4CC4A1E-0B26-4532-8FEF-3E044C215D95}.Release|Mixed Platforms.Deploy.0 = Release|x86
		{E4CC4A1E-0B26-4532-8FEF-3E044C215D95}.Release|x64.ActiveCfg = Release|Any CPU
		{E4CC4A1E-0B26-4532-8FEF-3E044C215D95}.Release|x86.ActiveCfg = Release|x86
		{E4CC4A1E-0B26-4532-8FEF-3E044C215D95}.Release|x86.Build.0 = Release|x86
		{E4CC4A1E-0B26-4532-8FEF-3E044C215D95}.Release|x86.Deploy.0 = Release|x86
		{E4CC4A1E-0B26-4532-8FEF-3E044C215D95}.WP81|Any CPU.ActiveCfg = Debug|Any CPU
		{E4CC4A1E-0B26-4532-8FEF-3E044C215D95}.WP81|Any CPU.Build.0 = Debug|Any CPU
		{E4CC4A1E-0B26-4532-8FEF-3E044C215D95}.WP81|Any CPU.Deploy.0 = Debug|Any CPU
		{E4CC4A1E-0B26-4532-8FEF-3E044C215D95}.WP81|ARM.ActiveCfg = WP81|ARM
		{E4CC4A1E-0B26-4532-8FEF-3E044C215D95}.WP81|ARM.Build.0 = WP81|ARM
		{E4CC4A1E-0B26-4532-8FEF-3E044C215D95}.WP81|ARM.Deploy.0 = WP81|ARM
		{E4CC4A1E-0B26-4532-8FEF-3E044C215D95}.WP81|Mixed Platforms.ActiveCfg = WP81|x86
		{E4CC4A1E-0B26-4532-8FEF-3E044C215D95}.WP81|Mixed Platforms.Build.0 = WP81|x86
		{E4CC4A1E-0B26-4532-8FEF-3E044C215D95}.WP81|Mixed Platforms.Deploy.0 = WP81|x86
		{E4CC4A1E-0B26-4532-8FEF-3E044C215D95}.WP81|x64.ActiveCfg = WP81|Any CPU
		{E4CC4A1E-0B26-4532-8FEF-3E044C215D95}.WP81|x86.ActiveCfg = WP81|x86
		{E4CC4A1E-0B26-4532-8FEF-3E044C215D95}.WP81|x86.Build.0 = WP81|x86
		{E4CC4A1E-0B26-4532-8FEF-3E044C215D95}.WP81|x86.Deploy.0 = WP81|x86
		{07522FAC-C338-46DB-93AA-AB6B5318EC43}.Debug|Any CPU.ActiveCfg = Debug|Any CPU
		{07522FAC-C338-46DB-93AA-AB6B5318EC43}.Debug|Any CPU.Build.0 = Debug|Any CPU
		{07522FAC-C338-46DB-93AA-AB6B5318EC43}.Debug|ARM.ActiveCfg = Debug|Any CPU
		{07522FAC-C338-46DB-93AA-AB6B5318EC43}.Debug|ARM.Build.0 = Debug|Any CPU
		{07522FAC-C338-46DB-93AA-AB6B5318EC43}.Debug|Mixed Platforms.ActiveCfg = Debug|Any CPU
		{07522FAC-C338-46DB-93AA-AB6B5318EC43}.Debug|Mixed Platforms.Build.0 = Debug|Any CPU
		{07522FAC-C338-46DB-93AA-AB6B5318EC43}.Debug|x64.ActiveCfg = Debug|Any CPU
		{07522FAC-C338-46DB-93AA-AB6B5318EC43}.Debug|x86.ActiveCfg = Debug|Any CPU
		{07522FAC-C338-46DB-93AA-AB6B5318EC43}.Debug|x86.Build.0 = Debug|Any CPU
		{07522FAC-C338-46DB-93AA-AB6B5318EC43}.Release|Any CPU.ActiveCfg = Release|Any CPU
		{07522FAC-C338-46DB-93AA-AB6B5318EC43}.Release|Any CPU.Build.0 = Release|Any CPU
		{07522FAC-C338-46DB-93AA-AB6B5318EC43}.Release|ARM.ActiveCfg = Release|ARM
		{07522FAC-C338-46DB-93AA-AB6B5318EC43}.Release|ARM.Build.0 = Release|ARM
		{07522FAC-C338-46DB-93AA-AB6B5318EC43}.Release|Mixed Platforms.ActiveCfg = Release|Any CPU
		{07522FAC-C338-46DB-93AA-AB6B5318EC43}.Release|Mixed Platforms.Build.0 = Release|Any CPU
		{07522FAC-C338-46DB-93AA-AB6B5318EC43}.Release|x64.ActiveCfg = Release|Any CPU
		{07522FAC-C338-46DB-93AA-AB6B5318EC43}.Release|x86.ActiveCfg = Release|Any CPU
		{07522FAC-C338-46DB-93AA-AB6B5318EC43}.WP81|Any CPU.ActiveCfg = WP81|Any CPU
		{07522FAC-C338-46DB-93AA-AB6B5318EC43}.WP81|Any CPU.Build.0 = WP81|Any CPU
		{07522FAC-C338-46DB-93AA-AB6B5318EC43}.WP81|ARM.ActiveCfg = WP81|ARM
		{07522FAC-C338-46DB-93AA-AB6B5318EC43}.WP81|ARM.Build.0 = WP81|ARM
		{07522FAC-C338-46DB-93AA-AB6B5318EC43}.WP81|Mixed Platforms.ActiveCfg = WP81|x86
		{07522FAC-C338-46DB-93AA-AB6B5318EC43}.WP81|Mixed Platforms.Build.0 = WP81|x86
		{07522FAC-C338-46DB-93AA-AB6B5318EC43}.WP81|x64.ActiveCfg = WP81|Any CPU
		{07522FAC-C338-46DB-93AA-AB6B5318EC43}.WP81|x86.ActiveCfg = WP81|x86
		{07522FAC-C338-46DB-93AA-AB6B5318EC43}.WP81|x86.Build.0 = WP81|x86
		{9EF9E80B-2EA7-45C5-9964-EF239912243E}.Debug|Any CPU.ActiveCfg = Debug|Any CPU
		{9EF9E80B-2EA7-45C5-9964-EF239912243E}.Debug|Any CPU.Build.0 = Debug|Any CPU
		{9EF9E80B-2EA7-45C5-9964-EF239912243E}.Debug|ARM.ActiveCfg = Debug|Any CPU
		{9EF9E80B-2EA7-45C5-9964-EF239912243E}.Debug|ARM.Build.0 = Debug|Any CPU
		{9EF9E80B-2EA7-45C5-9964-EF239912243E}.Debug|Mixed Platforms.ActiveCfg = Debug|Any CPU
		{9EF9E80B-2EA7-45C5-9964-EF239912243E}.Debug|Mixed Platforms.Build.0 = Debug|Any CPU
		{9EF9E80B-2EA7-45C5-9964-EF239912243E}.Debug|x64.ActiveCfg = Debug|Any CPU
		{9EF9E80B-2EA7-45C5-9964-EF239912243E}.Debug|x64.Build.0 = Debug|Any CPU
		{9EF9E80B-2EA7-45C5-9964-EF239912243E}.Debug|x86.ActiveCfg = Debug|Any CPU
		{9EF9E80B-2EA7-45C5-9964-EF239912243E}.Debug|x86.Build.0 = Debug|Any CPU
		{9EF9E80B-2EA7-45C5-9964-EF239912243E}.Release|Any CPU.ActiveCfg = Release|Any CPU
		{9EF9E80B-2EA7-45C5-9964-EF239912243E}.Release|Any CPU.Build.0 = Release|Any CPU
		{9EF9E80B-2EA7-45C5-9964-EF239912243E}.Release|ARM.ActiveCfg = Release|ARM
		{9EF9E80B-2EA7-45C5-9964-EF239912243E}.Release|ARM.Build.0 = Release|ARM
		{9EF9E80B-2EA7-45C5-9964-EF239912243E}.Release|Mixed Platforms.ActiveCfg = Release|x86
		{9EF9E80B-2EA7-45C5-9964-EF239912243E}.Release|Mixed Platforms.Build.0 = Release|x86
		{9EF9E80B-2EA7-45C5-9964-EF239912243E}.Release|x64.ActiveCfg = Release|Any CPU
		{9EF9E80B-2EA7-45C5-9964-EF239912243E}.Release|x64.Build.0 = Release|Any CPU
		{9EF9E80B-2EA7-45C5-9964-EF239912243E}.Release|x86.ActiveCfg = Release|x86
		{9EF9E80B-2EA7-45C5-9964-EF239912243E}.Release|x86.Build.0 = Release|x86
		{9EF9E80B-2EA7-45C5-9964-EF239912243E}.WP81|Any CPU.ActiveCfg = Release|Any CPU
		{9EF9E80B-2EA7-45C5-9964-EF239912243E}.WP81|Any CPU.Build.0 = Release|Any CPU
		{9EF9E80B-2EA7-45C5-9964-EF239912243E}.WP81|ARM.ActiveCfg = Release|ARM
		{9EF9E80B-2EA7-45C5-9964-EF239912243E}.WP81|ARM.Build.0 = Release|ARM
		{9EF9E80B-2EA7-45C5-9964-EF239912243E}.WP81|Mixed Platforms.ActiveCfg = Release|x86
		{9EF9E80B-2EA7-45C5-9964-EF239912243E}.WP81|Mixed Platforms.Build.0 = Release|x86
		{9EF9E80B-2EA7-45C5-9964-EF239912243E}.WP81|x64.ActiveCfg = Release|Any CPU
		{9EF9E80B-2EA7-45C5-9964-EF239912243E}.WP81|x64.Build.0 = Release|Any CPU
		{9EF9E80B-2EA7-45C5-9964-EF239912243E}.WP81|x86.ActiveCfg = Release|x86
		{9EF9E80B-2EA7-45C5-9964-EF239912243E}.WP81|x86.Build.0 = Release|x86
		{6E87464B-B064-40CA-8161-7C18C337ADFF}.Debug|Any CPU.ActiveCfg = Debug|Any CPU
		{6E87464B-B064-40CA-8161-7C18C337ADFF}.Debug|Any CPU.Build.0 = Debug|Any CPU
		{6E87464B-B064-40CA-8161-7C18C337ADFF}.Debug|ARM.ActiveCfg = Debug|Any CPU
		{6E87464B-B064-40CA-8161-7C18C337ADFF}.Debug|ARM.Build.0 = Debug|Any CPU
		{6E87464B-B064-40CA-8161-7C18C337ADFF}.Debug|Mixed Platforms.ActiveCfg = Debug|x86
		{6E87464B-B064-40CA-8161-7C18C337ADFF}.Debug|Mixed Platforms.Build.0 = Debug|x86
		{6E87464B-B064-40CA-8161-7C18C337ADFF}.Debug|x64.ActiveCfg = Debug|x64
		{6E87464B-B064-40CA-8161-7C18C337ADFF}.Debug|x64.Build.0 = Debug|x64
		{6E87464B-B064-40CA-8161-7C18C337ADFF}.Debug|x86.ActiveCfg = Debug|Any CPU
		{6E87464B-B064-40CA-8161-7C18C337ADFF}.Debug|x86.Build.0 = Debug|Any CPU
		{6E87464B-B064-40CA-8161-7C18C337ADFF}.Release|Any CPU.ActiveCfg = Release|Any CPU
		{6E87464B-B064-40CA-8161-7C18C337ADFF}.Release|Any CPU.Build.0 = Release|Any CPU
		{6E87464B-B064-40CA-8161-7C18C337ADFF}.Release|ARM.ActiveCfg = Release|ARM
		{6E87464B-B064-40CA-8161-7C18C337ADFF}.Release|ARM.Build.0 = Release|ARM
		{6E87464B-B064-40CA-8161-7C18C337ADFF}.Release|Mixed Platforms.ActiveCfg = Release|x86
		{6E87464B-B064-40CA-8161-7C18C337ADFF}.Release|Mixed Platforms.Build.0 = Release|x86
		{6E87464B-B064-40CA-8161-7C18C337ADFF}.Release|x64.ActiveCfg = Release|x64
		{6E87464B-B064-40CA-8161-7C18C337ADFF}.Release|x64.Build.0 = Release|x64
		{6E87464B-B064-40CA-8161-7C18C337ADFF}.Release|x86.ActiveCfg = Release|x86
		{6E87464B-B064-40CA-8161-7C18C337ADFF}.Release|x86.Build.0 = Release|x86
		{6E87464B-B064-40CA-8161-7C18C337ADFF}.WP81|Any CPU.ActiveCfg = Release|Any CPU
		{6E87464B-B064-40CA-8161-7C18C337ADFF}.WP81|Any CPU.Build.0 = Release|Any CPU
		{6E87464B-B064-40CA-8161-7C18C337ADFF}.WP81|ARM.ActiveCfg = Release|ARM
		{6E87464B-B064-40CA-8161-7C18C337ADFF}.WP81|ARM.Build.0 = Release|ARM
		{6E87464B-B064-40CA-8161-7C18C337ADFF}.WP81|Mixed Platforms.ActiveCfg = Release|x86
		{6E87464B-B064-40CA-8161-7C18C337ADFF}.WP81|Mixed Platforms.Build.0 = Release|x86
		{6E87464B-B064-40CA-8161-7C18C337ADFF}.WP81|x64.ActiveCfg = Release|x64
		{6E87464B-B064-40CA-8161-7C18C337ADFF}.WP81|x64.Build.0 = Release|x64
		{6E87464B-B064-40CA-8161-7C18C337ADFF}.WP81|x86.ActiveCfg = Release|x86
		{6E87464B-B064-40CA-8161-7C18C337ADFF}.WP81|x86.Build.0 = Release|x86
		{35B9514C-6CF0-48C5-BD7B-7B47E564B5DD}.Debug|Any CPU.ActiveCfg = Debug|Any CPU
		{35B9514C-6CF0-48C5-BD7B-7B47E564B5DD}.Debug|Any CPU.Build.0 = Debug|Any CPU
		{35B9514C-6CF0-48C5-BD7B-7B47E564B5DD}.Debug|ARM.ActiveCfg = Debug|Any CPU
		{35B9514C-6CF0-48C5-BD7B-7B47E564B5DD}.Debug|ARM.Build.0 = Debug|Any CPU
		{35B9514C-6CF0-48C5-BD7B-7B47E564B5DD}.Debug|Mixed Platforms.ActiveCfg = Debug|Any CPU
		{35B9514C-6CF0-48C5-BD7B-7B47E564B5DD}.Debug|Mixed Platforms.Build.0 = Debug|Any CPU
		{35B9514C-6CF0-48C5-BD7B-7B47E564B5DD}.Debug|x64.ActiveCfg = Debug|Any CPU
		{35B9514C-6CF0-48C5-BD7B-7B47E564B5DD}.Debug|x64.Build.0 = Debug|Any CPU
		{35B9514C-6CF0-48C5-BD7B-7B47E564B5DD}.Debug|x86.ActiveCfg = Debug|Any CPU
		{35B9514C-6CF0-48C5-BD7B-7B47E564B5DD}.Debug|x86.Build.0 = Debug|Any CPU
		{35B9514C-6CF0-48C5-BD7B-7B47E564B5DD}.Release|Any CPU.ActiveCfg = Release|Any CPU
		{35B9514C-6CF0-48C5-BD7B-7B47E564B5DD}.Release|Any CPU.Build.0 = Release|Any CPU
		{35B9514C-6CF0-48C5-BD7B-7B47E564B5DD}.Release|ARM.ActiveCfg = Release|Any CPU
		{35B9514C-6CF0-48C5-BD7B-7B47E564B5DD}.Release|ARM.Build.0 = Release|Any CPU
		{35B9514C-6CF0-48C5-BD7B-7B47E564B5DD}.Release|Mixed Platforms.ActiveCfg = Release|Any CPU
		{35B9514C-6CF0-48C5-BD7B-7B47E564B5DD}.Release|Mixed Platforms.Build.0 = Release|Any CPU
		{35B9514C-6CF0-48C5-BD7B-7B47E564B5DD}.Release|x64.ActiveCfg = Release|Any CPU
		{35B9514C-6CF0-48C5-BD7B-7B47E564B5DD}.Release|x64.Build.0 = Release|Any CPU
		{35B9514C-6CF0-48C5-BD7B-7B47E564B5DD}.Release|x86.ActiveCfg = Release|Any CPU
		{35B9514C-6CF0-48C5-BD7B-7B47E564B5DD}.Release|x86.Build.0 = Release|Any CPU
		{35B9514C-6CF0-48C5-BD7B-7B47E564B5DD}.WP81|Any CPU.ActiveCfg = Release|Any CPU
		{35B9514C-6CF0-48C5-BD7B-7B47E564B5DD}.WP81|Any CPU.Build.0 = Release|Any CPU
		{35B9514C-6CF0-48C5-BD7B-7B47E564B5DD}.WP81|ARM.ActiveCfg = Release|Any CPU
		{35B9514C-6CF0-48C5-BD7B-7B47E564B5DD}.WP81|ARM.Build.0 = Release|Any CPU
		{35B9514C-6CF0-48C5-BD7B-7B47E564B5DD}.WP81|Mixed Platforms.ActiveCfg = Release|Any CPU
		{35B9514C-6CF0-48C5-BD7B-7B47E564B5DD}.WP81|Mixed Platforms.Build.0 = Release|Any CPU
		{35B9514C-6CF0-48C5-BD7B-7B47E564B5DD}.WP81|x64.ActiveCfg = Release|Any CPU
		{35B9514C-6CF0-48C5-BD7B-7B47E564B5DD}.WP81|x64.Build.0 = Release|Any CPU
		{35B9514C-6CF0-48C5-BD7B-7B47E564B5DD}.WP81|x86.ActiveCfg = Release|Any CPU
		{35B9514C-6CF0-48C5-BD7B-7B47E564B5DD}.WP81|x86.Build.0 = Release|Any CPU
		{A3322349-48B9-44C0-BBB3-BC58F5C288F3}.Debug|Any CPU.ActiveCfg = Debug|Any CPU
		{A3322349-48B9-44C0-BBB3-BC58F5C288F3}.Debug|Any CPU.Build.0 = Debug|Any CPU
		{A3322349-48B9-44C0-BBB3-BC58F5C288F3}.Debug|ARM.ActiveCfg = Debug|Any CPU
		{A3322349-48B9-44C0-BBB3-BC58F5C288F3}.Debug|ARM.Build.0 = Debug|Any CPU
		{A3322349-48B9-44C0-BBB3-BC58F5C288F3}.Debug|Mixed Platforms.ActiveCfg = Debug|Any CPU
		{A3322349-48B9-44C0-BBB3-BC58F5C288F3}.Debug|Mixed Platforms.Build.0 = Debug|Any CPU
		{A3322349-48B9-44C0-BBB3-BC58F5C288F3}.Debug|x64.ActiveCfg = Debug|Any CPU
		{A3322349-48B9-44C0-BBB3-BC58F5C288F3}.Debug|x64.Build.0 = Debug|Any CPU
		{A3322349-48B9-44C0-BBB3-BC58F5C288F3}.Debug|x86.ActiveCfg = Debug|Any CPU
		{A3322349-48B9-44C0-BBB3-BC58F5C288F3}.Debug|x86.Build.0 = Debug|Any CPU
		{A3322349-48B9-44C0-BBB3-BC58F5C288F3}.Release|Any CPU.ActiveCfg = Release|Any CPU
		{A3322349-48B9-44C0-BBB3-BC58F5C288F3}.Release|Any CPU.Build.0 = Release|Any CPU
		{A3322349-48B9-44C0-BBB3-BC58F5C288F3}.Release|ARM.ActiveCfg = Release|Any CPU
		{A3322349-48B9-44C0-BBB3-BC58F5C288F3}.Release|ARM.Build.0 = Release|Any CPU
		{A3322349-48B9-44C0-BBB3-BC58F5C288F3}.Release|Mixed Platforms.ActiveCfg = Release|Any CPU
		{A3322349-48B9-44C0-BBB3-BC58F5C288F3}.Release|Mixed Platforms.Build.0 = Release|Any CPU
		{A3322349-48B9-44C0-BBB3-BC58F5C288F3}.Release|x64.ActiveCfg = Release|Any CPU
		{A3322349-48B9-44C0-BBB3-BC58F5C288F3}.Release|x64.Build.0 = Release|Any CPU
		{A3322349-48B9-44C0-BBB3-BC58F5C288F3}.Release|x86.ActiveCfg = Release|Any CPU
		{A3322349-48B9-44C0-BBB3-BC58F5C288F3}.Release|x86.Build.0 = Release|Any CPU
		{A3322349-48B9-44C0-BBB3-BC58F5C288F3}.WP81|Any CPU.ActiveCfg = Release|Any CPU
		{A3322349-48B9-44C0-BBB3-BC58F5C288F3}.WP81|Any CPU.Build.0 = Release|Any CPU
		{A3322349-48B9-44C0-BBB3-BC58F5C288F3}.WP81|ARM.ActiveCfg = Release|Any CPU
		{A3322349-48B9-44C0-BBB3-BC58F5C288F3}.WP81|ARM.Build.0 = Release|Any CPU
		{A3322349-48B9-44C0-BBB3-BC58F5C288F3}.WP81|Mixed Platforms.ActiveCfg = Release|Any CPU
		{A3322349-48B9-44C0-BBB3-BC58F5C288F3}.WP81|Mixed Platforms.Build.0 = Release|Any CPU
		{A3322349-48B9-44C0-BBB3-BC58F5C288F3}.WP81|x64.ActiveCfg = Release|Any CPU
		{A3322349-48B9-44C0-BBB3-BC58F5C288F3}.WP81|x64.Build.0 = Release|Any CPU
		{A3322349-48B9-44C0-BBB3-BC58F5C288F3}.WP81|x86.ActiveCfg = Release|Any CPU
		{A3322349-48B9-44C0-BBB3-BC58F5C288F3}.WP81|x86.Build.0 = Release|Any CPU
		{A1B92C2C-8B7D-4E8B-8901-3FB7AD356E46}.Debug|Any CPU.ActiveCfg = Debug|Any CPU
		{A1B92C2C-8B7D-4E8B-8901-3FB7AD356E46}.Debug|Any CPU.Build.0 = Debug|Any CPU
		{A1B92C2C-8B7D-4E8B-8901-3FB7AD356E46}.Debug|ARM.ActiveCfg = Debug|Any CPU
		{A1B92C2C-8B7D-4E8B-8901-3FB7AD356E46}.Debug|ARM.Build.0 = Debug|Any CPU
		{A1B92C2C-8B7D-4E8B-8901-3FB7AD356E46}.Debug|Mixed Platforms.ActiveCfg = Debug|Any CPU
		{A1B92C2C-8B7D-4E8B-8901-3FB7AD356E46}.Debug|Mixed Platforms.Build.0 = Debug|Any CPU
		{A1B92C2C-8B7D-4E8B-8901-3FB7AD356E46}.Debug|x64.ActiveCfg = Debug|Any CPU
		{A1B92C2C-8B7D-4E8B-8901-3FB7AD356E46}.Debug|x64.Build.0 = Debug|Any CPU
		{A1B92C2C-8B7D-4E8B-8901-3FB7AD356E46}.Debug|x86.ActiveCfg = Debug|Any CPU
		{A1B92C2C-8B7D-4E8B-8901-3FB7AD356E46}.Debug|x86.Build.0 = Debug|Any CPU
		{A1B92C2C-8B7D-4E8B-8901-3FB7AD356E46}.Release|Any CPU.ActiveCfg = Release|Any CPU
		{A1B92C2C-8B7D-4E8B-8901-3FB7AD356E46}.Release|Any CPU.Build.0 = Release|Any CPU
		{A1B92C2C-8B7D-4E8B-8901-3FB7AD356E46}.Release|ARM.ActiveCfg = Release|Any CPU
		{A1B92C2C-8B7D-4E8B-8901-3FB7AD356E46}.Release|ARM.Build.0 = Release|Any CPU
		{A1B92C2C-8B7D-4E8B-8901-3FB7AD356E46}.Release|Mixed Platforms.ActiveCfg = Release|Any CPU
		{A1B92C2C-8B7D-4E8B-8901-3FB7AD356E46}.Release|Mixed Platforms.Build.0 = Release|Any CPU
		{A1B92C2C-8B7D-4E8B-8901-3FB7AD356E46}.Release|x64.ActiveCfg = Release|Any CPU
		{A1B92C2C-8B7D-4E8B-8901-3FB7AD356E46}.Release|x64.Build.0 = Release|Any CPU
		{A1B92C2C-8B7D-4E8B-8901-3FB7AD356E46}.Release|x86.ActiveCfg = Release|Any CPU
		{A1B92C2C-8B7D-4E8B-8901-3FB7AD356E46}.Release|x86.Build.0 = Release|Any CPU
		{A1B92C2C-8B7D-4E8B-8901-3FB7AD356E46}.WP81|Any CPU.ActiveCfg = Release|Any CPU
		{A1B92C2C-8B7D-4E8B-8901-3FB7AD356E46}.WP81|Any CPU.Build.0 = Release|Any CPU
		{A1B92C2C-8B7D-4E8B-8901-3FB7AD356E46}.WP81|ARM.ActiveCfg = Release|Any CPU
		{A1B92C2C-8B7D-4E8B-8901-3FB7AD356E46}.WP81|ARM.Build.0 = Release|Any CPU
		{A1B92C2C-8B7D-4E8B-8901-3FB7AD356E46}.WP81|Mixed Platforms.ActiveCfg = Release|Any CPU
		{A1B92C2C-8B7D-4E8B-8901-3FB7AD356E46}.WP81|Mixed Platforms.Build.0 = Release|Any CPU
		{A1B92C2C-8B7D-4E8B-8901-3FB7AD356E46}.WP81|x64.ActiveCfg = Release|Any CPU
		{A1B92C2C-8B7D-4E8B-8901-3FB7AD356E46}.WP81|x64.Build.0 = Release|Any CPU
		{A1B92C2C-8B7D-4E8B-8901-3FB7AD356E46}.WP81|x86.ActiveCfg = Release|Any CPU
		{A1B92C2C-8B7D-4E8B-8901-3FB7AD356E46}.WP81|x86.Build.0 = Release|Any CPU
		{5B491AB5-5CCD-41F6-80EF-7FA3D72C2D98}.Debug|Any CPU.ActiveCfg = Debug|Any CPU
		{5B491AB5-5CCD-41F6-80EF-7FA3D72C2D98}.Debug|Any CPU.Build.0 = Debug|Any CPU
		{5B491AB5-5CCD-41F6-80EF-7FA3D72C2D98}.Debug|ARM.ActiveCfg = Debug|Any CPU
		{5B491AB5-5CCD-41F6-80EF-7FA3D72C2D98}.Debug|ARM.Build.0 = Debug|Any CPU
		{5B491AB5-5CCD-41F6-80EF-7FA3D72C2D98}.Debug|Mixed Platforms.ActiveCfg = Debug|Any CPU
		{5B491AB5-5CCD-41F6-80EF-7FA3D72C2D98}.Debug|Mixed Platforms.Build.0 = Debug|Any CPU
		{5B491AB5-5CCD-41F6-80EF-7FA3D72C2D98}.Debug|x64.ActiveCfg = Debug|Any CPU
		{5B491AB5-5CCD-41F6-80EF-7FA3D72C2D98}.Debug|x64.Build.0 = Debug|Any CPU
		{5B491AB5-5CCD-41F6-80EF-7FA3D72C2D98}.Debug|x86.ActiveCfg = Debug|Any CPU
		{5B491AB5-5CCD-41F6-80EF-7FA3D72C2D98}.Debug|x86.Build.0 = Debug|Any CPU
		{5B491AB5-5CCD-41F6-80EF-7FA3D72C2D98}.Release|Any CPU.ActiveCfg = Release|Any CPU
		{5B491AB5-5CCD-41F6-80EF-7FA3D72C2D98}.Release|Any CPU.Build.0 = Release|Any CPU
		{5B491AB5-5CCD-41F6-80EF-7FA3D72C2D98}.Release|ARM.ActiveCfg = Release|Any CPU
		{5B491AB5-5CCD-41F6-80EF-7FA3D72C2D98}.Release|ARM.Build.0 = Release|Any CPU
		{5B491AB5-5CCD-41F6-80EF-7FA3D72C2D98}.Release|Mixed Platforms.ActiveCfg = Release|Any CPU
		{5B491AB5-5CCD-41F6-80EF-7FA3D72C2D98}.Release|Mixed Platforms.Build.0 = Release|Any CPU
		{5B491AB5-5CCD-41F6-80EF-7FA3D72C2D98}.Release|x64.ActiveCfg = Release|Any CPU
		{5B491AB5-5CCD-41F6-80EF-7FA3D72C2D98}.Release|x64.Build.0 = Release|Any CPU
		{5B491AB5-5CCD-41F6-80EF-7FA3D72C2D98}.Release|x86.ActiveCfg = Release|Any CPU
		{5B491AB5-5CCD-41F6-80EF-7FA3D72C2D98}.Release|x86.Build.0 = Release|Any CPU
		{5B491AB5-5CCD-41F6-80EF-7FA3D72C2D98}.WP81|Any CPU.ActiveCfg = Release|Any CPU
		{5B491AB5-5CCD-41F6-80EF-7FA3D72C2D98}.WP81|Any CPU.Build.0 = Release|Any CPU
		{5B491AB5-5CCD-41F6-80EF-7FA3D72C2D98}.WP81|ARM.ActiveCfg = Release|Any CPU
		{5B491AB5-5CCD-41F6-80EF-7FA3D72C2D98}.WP81|ARM.Build.0 = Release|Any CPU
		{5B491AB5-5CCD-41F6-80EF-7FA3D72C2D98}.WP81|Mixed Platforms.ActiveCfg = Release|Any CPU
		{5B491AB5-5CCD-41F6-80EF-7FA3D72C2D98}.WP81|Mixed Platforms.Build.0 = Release|Any CPU
		{5B491AB5-5CCD-41F6-80EF-7FA3D72C2D98}.WP81|x64.ActiveCfg = Release|Any CPU
		{5B491AB5-5CCD-41F6-80EF-7FA3D72C2D98}.WP81|x64.Build.0 = Release|Any CPU
		{5B491AB5-5CCD-41F6-80EF-7FA3D72C2D98}.WP81|x86.ActiveCfg = Release|Any CPU
		{5B491AB5-5CCD-41F6-80EF-7FA3D72C2D98}.WP81|x86.Build.0 = Release|Any CPU
		{F13DEC41-819C-4C8D-9F2D-FEBF6618CD9B}.Debug|Any CPU.ActiveCfg = Debug|Any CPU
		{F13DEC41-819C-4C8D-9F2D-FEBF6618CD9B}.Debug|Any CPU.Build.0 = Debug|Any CPU
		{F13DEC41-819C-4C8D-9F2D-FEBF6618CD9B}.Debug|ARM.ActiveCfg = Debug|Any CPU
		{F13DEC41-819C-4C8D-9F2D-FEBF6618CD9B}.Debug|ARM.Build.0 = Debug|Any CPU
		{F13DEC41-819C-4C8D-9F2D-FEBF6618CD9B}.Debug|Mixed Platforms.ActiveCfg = Debug|Any CPU
		{F13DEC41-819C-4C8D-9F2D-FEBF6618CD9B}.Debug|Mixed Platforms.Build.0 = Debug|Any CPU
		{F13DEC41-819C-4C8D-9F2D-FEBF6618CD9B}.Debug|x64.ActiveCfg = Debug|Any CPU
		{F13DEC41-819C-4C8D-9F2D-FEBF6618CD9B}.Debug|x64.Build.0 = Debug|Any CPU
		{F13DEC41-819C-4C8D-9F2D-FEBF6618CD9B}.Debug|x86.ActiveCfg = Debug|Any CPU
		{F13DEC41-819C-4C8D-9F2D-FEBF6618CD9B}.Debug|x86.Build.0 = Debug|Any CPU
		{F13DEC41-819C-4C8D-9F2D-FEBF6618CD9B}.Release|Any CPU.ActiveCfg = Release|Any CPU
		{F13DEC41-819C-4C8D-9F2D-FEBF6618CD9B}.Release|Any CPU.Build.0 = Release|Any CPU
		{F13DEC41-819C-4C8D-9F2D-FEBF6618CD9B}.Release|ARM.ActiveCfg = Release|Any CPU
		{F13DEC41-819C-4C8D-9F2D-FEBF6618CD9B}.Release|ARM.Build.0 = Release|Any CPU
		{F13DEC41-819C-4C8D-9F2D-FEBF6618CD9B}.Release|Mixed Platforms.ActiveCfg = Release|Any CPU
		{F13DEC41-819C-4C8D-9F2D-FEBF6618CD9B}.Release|Mixed Platforms.Build.0 = Release|Any CPU
		{F13DEC41-819C-4C8D-9F2D-FEBF6618CD9B}.Release|x64.ActiveCfg = Release|Any CPU
		{F13DEC41-819C-4C8D-9F2D-FEBF6618CD9B}.Release|x64.Build.0 = Release|Any CPU
		{F13DEC41-819C-4C8D-9F2D-FEBF6618CD9B}.Release|x86.ActiveCfg = Release|Any CPU
		{F13DEC41-819C-4C8D-9F2D-FEBF6618CD9B}.Release|x86.Build.0 = Release|Any CPU
		{F13DEC41-819C-4C8D-9F2D-FEBF6618CD9B}.WP81|Any CPU.ActiveCfg = Release|Any CPU
		{F13DEC41-819C-4C8D-9F2D-FEBF6618CD9B}.WP81|Any CPU.Build.0 = Release|Any CPU
		{F13DEC41-819C-4C8D-9F2D-FEBF6618CD9B}.WP81|ARM.ActiveCfg = Release|Any CPU
		{F13DEC41-819C-4C8D-9F2D-FEBF6618CD9B}.WP81|ARM.Build.0 = Release|Any CPU
		{F13DEC41-819C-4C8D-9F2D-FEBF6618CD9B}.WP81|Mixed Platforms.ActiveCfg = Release|Any CPU
		{F13DEC41-819C-4C8D-9F2D-FEBF6618CD9B}.WP81|Mixed Platforms.Build.0 = Release|Any CPU
		{F13DEC41-819C-4C8D-9F2D-FEBF6618CD9B}.WP81|x64.ActiveCfg = Release|Any CPU
		{F13DEC41-819C-4C8D-9F2D-FEBF6618CD9B}.WP81|x64.Build.0 = Release|Any CPU
		{F13DEC41-819C-4C8D-9F2D-FEBF6618CD9B}.WP81|x86.ActiveCfg = Release|Any CPU
		{F13DEC41-819C-4C8D-9F2D-FEBF6618CD9B}.WP81|x86.Build.0 = Release|Any CPU
	EndGlobalSection
	GlobalSection(SolutionProperties) = preSolution
		HideSolutionNode = FALSE
	EndGlobalSection
	GlobalSection(NestedProjects) = preSolution
		{35B9514C-6CF0-48C5-BD7B-7B47E564B5DD} = {758F0123-4D80-438F-90A2-E0D381B88065}
		{A3322349-48B9-44C0-BBB3-BC58F5C288F3} = {758F0123-4D80-438F-90A2-E0D381B88065}
		{A1B92C2C-8B7D-4E8B-8901-3FB7AD356E46} = {758F0123-4D80-438F-90A2-E0D381B88065}
		{5B491AB5-5CCD-41F6-80EF-7FA3D72C2D98} = {758F0123-4D80-438F-90A2-E0D381B88065}
		{F13DEC41-819C-4C8D-9F2D-FEBF6618CD9B} = {758F0123-4D80-438F-90A2-E0D381B88065}
	EndGlobalSection
	GlobalSection(TeamFoundationVersionControl) = preSolution
		SccNumberOfProjects = 10
		SccEnterpriseProvider = {4CA58AB2-18FA-4F8D-95D4-32DDF27D184C}
		SccTeamFoundationServer = https://romangladkikh.visualstudio.com/defaultcollection
		SccLocalPath0 = .
		SccProjectUniqueName1 = VKlient.Core\\OneVK.Core.csproj
		SccProjectName1 = VKlient.Core
		SccLocalPath1 = VKlient.Core
		SccProjectUniqueName2 = VKlient\\OneVK.csproj
		SccProjectName2 = VKlient
		SccLocalPath2 = VKlient
		SccProjectUniqueName3 = OneVK.BackgroundPlayer\\OneVK.BackgroundPlayer.csproj
		SccProjectName3 = OneVK.BackgroundPlayer
		SccLocalPath3 = OneVK.BackgroundPlayer
		SccProjectUniqueName4 = NotificationsExtensions\\NotificationsExtensions.csproj
		SccProjectName4 = NotificationsExtensions
		SccLocalPath4 = NotificationsExtensions
		SccProjectUniqueName5 = OneVK.Core.Models\\OneVK.Core.Models.csproj
		SccProjectTopLevelParentUniqueName5 = OneVK.sln
		SccProjectName5 = OneVK.Core.Models
		SccLocalPath5 = OneVK.Core.Models
		SccProjectUniqueName6 = OneVK.Core.Services\\OneVK.Core.Services.csproj
		SccProjectTopLevelParentUniqueName6 = OneVK.sln
		SccProjectName6 = OneVK.Core.Services
		SccLocalPath6 = OneVK.Core.Services
		SccProjectUniqueName7 = OneVK.Core.VK\\OneVK.Core.VK.csproj
		SccProjectTopLevelParentUniqueName7 = OneVK.sln
		SccProjectName7 = OneVK.Core.VK
		SccLocalPath7 = OneVK.Core.VK
		SccProjectUniqueName8 = OneVK.Core.LF\\OneVK.Core.LF.csproj
		SccProjectTopLevelParentUniqueName8 = OneVK.sln
		SccProjectName8 = OneVK.Core.LF
		SccLocalPath8 = OneVK.Core.LF
		SccProjectUniqueName9 = OneVK.Core.ViewModels\\OneVK.Core.ViewModels.csproj
		SccProjectTopLevelParentUniqueName9 = OneVK.sln
		SccProjectName9 = OneVK.Core.ViewModels
		SccLocalPath9 = OneVK.Core.ViewModels
	EndGlobalSection
EndGlobal
